
Microsoft Visual Studio Solution File, Format Version 12.00
# Visual Studio Version 17
VisualStudioVersion = 17.1.32210.238
MinimumVisualStudioVersion = 10.0.40219.1
Project("{9A19103F-16F7-4668-BE54-9A1E7A4F7556}") = "L2Variables", "School\L2Variables.csproj", "{722EF3AA-3404-41FC-83B6-D298B3F43946}"
EndProject
Project("{9A19103F-16F7-4668-BE54-9A1E7A4F7556}") = "L2Arrays", "L2Arrays\L2Arrays.csproj", "{18A39E18-5356-46DC-9B88-DC1EFE9BC20F}"
EndProject
Project("{9A19103F-16F7-4668-BE54-9A1E7A4F7556}") = "L2Loops", "L2Loops\L2Loops.csproj", "{1BF673F1-CF15-4EA0-AB12-0E7CAF0FF0A3}"
EndProject
Project("{FAE04EC0-301F-11D3-BF4B-00C04F79EFBC}") = "L3Classes", "L3Classes\L3Classes.csproj", "{8E73F460-3BB6-4F75-BA84-11AAD75FA16D}"
EndProject
Global
	GlobalSection(SolutionConfigurationPlatforms) = preSolution
		Debug|Any CPU = Debug|Any CPU
		Release|Any CPU = Release|Any CPU
	EndGlobalSection
	GlobalSection(ProjectConfigurationPlatforms) = postSolution
		{722EF3AA-3404-41FC-83B6-D298B3F43946}.Debug|Any CPU.ActiveCfg = Debug|Any CPU
		{722EF3AA-3404-41FC-83B6-D298B3F43946}.Debug|Any CPU.Build.0 = Debug|Any CPU
		{722EF3AA-3404-41FC-83B6-D298B3F43946}.Release|Any CPU.ActiveCfg = Release|Any CPU
		{722EF3AA-3404-41FC-83B6-D298B3F43946}.Release|Any CPU.Build.0 = Release|Any CPU
		{18A39E18-5356-46DC-9B88-DC1EFE9BC20F}.Debug|Any CPU.ActiveCfg = Debug|Any CPU
		{18A39E18-5356-46DC-9B88-DC1EFE9BC20F}.Debug|Any CPU.Build.0 = Debug|Any CPU
		{18A39E18-5356-46DC-9B88-DC1EFE9BC20F}.Release|Any CPU.ActiveCfg = Release|Any CPU
		{18A39E18-5356-46DC-9B88-DC1EFE9BC20F}.Release|Any CPU.Build.0 = Release|Any CPU
		{1BF673F1-CF15-4EA0-AB12-0E7CAF0FF0A3}.Debug|Any CPU.ActiveCfg = Debug|Any CPU
		{1BF673F1-CF15-4EA0-AB12-0E7CAF0FF0A3}.Debug|Any CPU.Build.0 = Debug|Any CPU
		{1BF673F1-CF15-4EA0-AB12-0E7CAF0FF0A3}.Release|Any CPU.ActiveCfg = Release|Any CPU
		{1BF673F1-CF15-4EA0-AB12-0E7CAF0FF0A3}.Release|Any CPU.Build.0 = Release|Any CPU
		{8E73F460-3BB6-4F75-BA84-11AAD75FA16D}.Debug|Any CPU.ActiveCfg = Debug|Any CPU
		{8E73F460-3BB6-4F75-BA84-11AAD75FA16D}.Debug|Any CPU.Build.0 = Debug|Any CPU
		{8E73F460-3BB6-4F75-BA84-11AAD75FA16D}.Release|Any CPU.ActiveCfg = Release|Any CPU
		{8E73F460-3BB6-4F75-BA84-11AAD75FA16D}.Release|Any CPU.Build.0 = Release|Any CPU
	EndGlobalSection
	GlobalSection(SolutionProperties) = preSolution
		HideSolutionNode = FALSE
	EndGlobalSection
	GlobalSection(ExtensibilityGlobals) = postSolution
		SolutionGuid = {34DDF3FE-ACC5-4A3E-B733-50D915DBE5C0}
	EndGlobalSection
EndGlobal
